{
  "name": "blog_project",
  "version": "1.0.0",
  "lockfileVersion": 1,
  "requires": true,
  "dependencies": {
    "@chenfengyuan/datepicker": {
      "version": "1.0.0",
      "resolved": "https://registry.npmjs.org/@chenfengyuan/datepicker/-/datepicker-1.0.0.tgz",
      "integrity": "sha512-jZlKm2TX7+2T8++ClI0UiaaHqRxmN2cgljgwfgOpmo8DP2zPqD5F4wKs96XBGzvl7fSzhsBSyYSICAFYtNNCXA=="
    },
    "jquery": {
      "version": "3.3.1",
      "resolved": "https://registry.npmjs.org/jquery/-/jquery-3.3.1.tgz",
      "integrity": "sha512-Ubldcmxp5np52/ENotGxlLe6aGMvmF4R8S6tZjsP6Knsaxd/xp3Zrh50cG93lR6nPXyUFwzN3ZSOQI0wRJNdGg=="
    },
    "uikit": {
      "version": "3.0.0-rc.14",
      "resolved": "https://registry.npmjs.org/uikit/-/uikit-3.0.0-rc.14.tgz",
      "integrity": "sha512-wCmqDjW4o9eld8wTmB/vYjiv1Yc9ZjEBuU0nv1Kp9qWkhPdP6M5mkzIiAx0RoT+fuDQqD+ZKYsvZYeiSLBlbFw=="
    }
  }
}
